
Microsoft Visual Studio Solution File, Format Version 12.00
# Visual Studio Version 16
VisualStudioVersion = 16.0.30011.22
MinimumVisualStudioVersion = 10.0.40219.1
Project("{FAE04EC0-301F-11D3-BF4B-00C04F79EFBC}") = "TestPublishAppToGit", "TestPublishAppToGit\TestPublishAppToGit.csproj", "{D4A3A016-AAEC-4549-BB00-F0661F779540}"
EndProject
Global
	GlobalSection(SolutionConfigurationPlatforms) = preSolution
		Debug|Any CPU = Debug|Any CPU
		Release|Any CPU = Release|Any CPU
	EndGlobalSection
	GlobalSection(ProjectConfigurationPlatforms) = postSolution
		{D4A3A016-AAEC-4549-BB00-F0661F779540}.Debug|Any CPU.ActiveCfg = Debug|Any CPU
		{D4A3A016-AAEC-4549-BB00-F0661F779540}.Debug|Any CPU.Build.0 = Debug|Any CPU
		{D4A3A016-AAEC-4549-BB00-F0661F779540}.Release|Any CPU.ActiveCfg = Release|Any CPU
		{D4A3A016-AAEC-4549-BB00-F0661F779540}.Release|Any CPU.Build.0 = Release|Any CPU
	EndGlobalSection
	GlobalSection(SolutionProperties) = preSolution
		HideSolutionNode = FALSE
	EndGlobalSection
	GlobalSection(ExtensibilityGlobals) = postSolution
		SolutionGuid = {1ED49231-B8F1-46B1-9DBE-0F8BDFA0D00C}
	EndGlobalSection
EndGlobal
